// !$*UTF8*$!
{
	archiveVersion = 1;
	classes = {
	};
	objectVersion = 46;
	objects = {

/* Begin PBXBuildFile section */
		49ABA7031C98FC5100007A83 /* StudentNameCollectionViewCell.m in Sources */ = {isa = PBXBuildFile; fileRef = 49ABA7021C98FC5100007A83 /* StudentNameCollectionViewCell.m */; };
		49ABA7061C98FC7100007A83 /* StudentScoreCollectionViewCell.m in Sources */ = {isa = PBXBuildFile; fileRef = 49ABA7051C98FC7100007A83 /* StudentScoreCollectionViewCell.m */; };
		49ABA70A1C98FCCA00007A83 /* StudentNameCollectionViewCell.xib in Resources */ = {isa = PBXBuildFile; fileRef = 49ABA7091C98FCCA00007A83 /* StudentNameCollectionViewCell.xib */; };
		49ABA70C1C98FCE400007A83 /* StudentScoreCollectionViewCell.xib in Resources */ = {isa = PBXBuildFile; fileRef = 49ABA70B1C98FCE400007A83 /* StudentScoreCollectionViewCell.xib */; };
		49ABA70F1C98FE6200007A83 /* CustomICollectionViewLayout.m in Sources */ = {isa = PBXBuildFile; fileRef = 49ABA70E1C98FE6200007A83 /* CustomICollectionViewLayout.m */; };
		49DE34BF1C33AAE5006F0C20 /* main.m in Sources */ = {isa = PBXBuildFile; fileRef = 49DE34BE1C33AAE5006F0C20 /* main.m */; };
		49DE34C21C33AAE5006F0C20 /* AppDelegate.m in Sources */ = {isa = PBXBuildFile; fileRef = 49DE34C11C33AAE5006F0C20 /* AppDelegate.m */; };
		49DE34C51C33AAE5006F0C20 /* ViewController.m in Sources */ = {isa = PBXBuildFile; fileRef = 49DE34C41C33AAE5006F0C20 /* ViewController.m */; };
		49DE34C81C33AAE5006F0C20 /* Main.storyboard in Resources */ = {isa = PBXBuildFile; fileRef = 49DE34C61C33AAE5006F0C20 /* Main.storyboard */; };
		49DE34CA1C33AAE5006F0C20 /* Assets.xcassets in Resources */ = {isa = PBXBuildFile; fileRef = 49DE34C91C33AAE5006F0C20 /* Assets.xcassets */; };
		49DE34CD1C33AAE5006F0C20 /* LaunchScreen.storyboard in Resources */ = {isa = PBXBuildFile; fileRef = 49DE34CB1C33AAE5006F0C20 /* LaunchScreen.storyboard */; };
		49DE34D81C33AAE5006F0C20 /* XSCSqliteManagerTests.m in Sources */ = {isa = PBXBuildFile; fileRef = 49DE34D71C33AAE5006F0C20 /* XSCSqliteManagerTests.m */; };
		49DE34E31C33AAE5006F0C20 /* XSCSqliteManagerUITests.m in Sources */ = {isa = PBXBuildFile; fileRef = 49DE34E21C33AAE5006F0C20 /* XSCSqliteManagerUITests.m */; };
		49DE34F11C33ABCF006F0C20 /* libsqlite3.tbd in Frameworks */ = {isa = PBXBuildFile; fileRef = 49DE34F01C33ABCF006F0C20 /* libsqlite3.tbd */; };
		49DE35051C33B111006F0C20 /* XSCSqliteLearn.m in Sources */ = {isa = PBXBuildFile; fileRef = 49DE35041C33B111006F0C20 /* XSCSqliteLearn.m */; };
		49DE35121C33DE18006F0C20 /* FMDatabase.m in Sources */ = {isa = PBXBuildFile; fileRef = 49DE35081C33DE18006F0C20 /* FMDatabase.m */; };
		49DE35131C33DE18006F0C20 /* FMDatabaseAdditions.m in Sources */ = {isa = PBXBuildFile; fileRef = 49DE350A1C33DE18006F0C20 /* FMDatabaseAdditions.m */; };
		49DE35141C33DE18006F0C20 /* FMDatabasePool.m in Sources */ = {isa = PBXBuildFile; fileRef = 49DE350C1C33DE18006F0C20 /* FMDatabasePool.m */; };
		49DE35151C33DE18006F0C20 /* FMDatabaseQueue.m in Sources */ = {isa = PBXBuildFile; fileRef = 49DE350E1C33DE18006F0C20 /* FMDatabaseQueue.m */; };
		49DE35161C33DE18006F0C20 /* FMResultSet.m in Sources */ = {isa = PBXBuildFile; fileRef = 49DE35111C33DE18006F0C20 /* FMResultSet.m */; };
		49DE35181C33EB48006F0C20 /* libsqlite3.0.tbd in Frameworks */ = {isa = PBXBuildFile; fileRef = 49DE35171C33EB48006F0C20 /* libsqlite3.0.tbd */; };
/* End PBXBuildFile section */

/* Begin PBXContainerItemProxy section */
		49DE34D41C33AAE5006F0C20 /* PBXContainerItemProxy */ = {
			isa = PBXContainerItemProxy;
			containerPortal = 49DE34B21C33AAE5006F0C20 /* Project object */;
			proxyType = 1;
			remoteGlobalIDString = 49DE34B91C33AAE5006F0C20;
			remoteInfo = XSCSqliteManager;
		};
		49DE34DF1C33AAE5006F0C20 /* PBXContainerItemProxy */ = {
			isa = PBXContainerItemProxy;
			containerPortal = 49DE34B21C33AAE5006F0C20 /* Project object */;
			proxyType = 1;
			remoteGlobalIDString = 49DE34B91C33AAE5006F0C20;
			remoteInfo = XSCSqliteManager;
		};
/* End PBXContainerItemProxy section */

/* Begin PBXFileReference section */
		49ABA7011C98FC5100007A83 /* StudentNameCollectionViewCell.h */ = {isa = PBXFileReference; fileEncoding = 4; lastKnownFileType = sourcecode.c.h; name = StudentNameCollectionViewCell.h; path = Class/MyClass/StudentNameCollectionViewCell.h; sourceTree = "<group>"; };
		49ABA7021C98FC5100007A83 /* StudentNameCollectionViewCell.m */ = {isa = PBXFileReference; fileEncoding = 4; lastKnownFileType = sourcecode.c.objc; name = StudentNameCollectionViewCell.m; path = Class/MyClass/StudentNameCollectionViewCell.m; sourceTree = "<group>"; };
		49ABA7041C98FC7100007A83 /* StudentScoreCollectionViewCell.h */ = {isa = PBXFileReference; fileEncoding = 4; lastKnownFileType = sourcecode.c.h; name = StudentScoreCollectionViewCell.h; path = Class/MyClass/StudentScoreCollectionViewCell.h; sourceTree = "<group>"; };
		49ABA7051C98FC7100007A83 /* StudentScoreCollectionViewCell.m */ = {isa = PBXFileReference; fileEncoding = 4; lastKnownFileType = sourcecode.c.objc; name = StudentScoreCollectionViewCell.m; path = Class/MyClass/StudentScoreCollectionViewCell.m; sourceTree = "<group>"; };
		49ABA7091C98FCCA00007A83 /* StudentNameCollectionViewCell.xib */ = {isa = PBXFileReference; fileEncoding = 4; lastKnownFileType = file.xib; name = StudentNameCollectionViewCell.xib; path = Class/MyClass/StudentNameCollectionViewCell.xib; sourceTree = "<group>"; };
		49ABA70B1C98FCE400007A83 /* StudentScoreCollectionViewCell.xib */ = {isa = PBXFileReference; fileEncoding = 4; lastKnownFileType = file.xib; name = StudentScoreCollectionViewCell.xib; path = Class/MyClass/StudentScoreCollectionViewCell.xib; sourceTree = "<group>"; };
		49ABA70D1C98FE6200007A83 /* CustomICollectionViewLayout.h */ = {isa = PBXFileReference; fileEncoding = 4; lastKnownFileType = sourcecode.c.h; name = CustomICollectionViewLayout.h; path = Class/MyClass/CustomICollectionViewLayout.h; sourceTree = "<group>"; };
		49ABA70E1C98FE6200007A83 /* CustomICollectionViewLayout.m */ = {isa = PBXFileReference; fileEncoding = 4; lastKnownFileType = sourcecode.c.objc; name = CustomICollectionViewLayout.m; path = Class/MyClass/CustomICollectionViewLayout.m; sourceTree = "<group>"; };
		49DE34BA1C33AAE5006F0C20 /* XSCSqliteManager.app */ = {isa = PBXFileReference; explicitFileType = wrapper.application; includeInIndex = 0; path = XSCSqliteManager.app; sourceTree = BUILT_PRODUCTS_DIR; };
		49DE34BE1C33AAE5006F0C20 /* main.m */ = {isa = PBXFileReference; lastKnownFileType = sourcecode.c.objc; path = main.m; sourceTree = "<group>"; };
		49DE34C01C33AAE5006F0C20 /* AppDelegate.h */ = {isa = PBXFileReference; lastKnownFileType = sourcecode.c.h; path = AppDelegate.h; sourceTree = "<group>"; };
		49DE34C11C33AAE5006F0C20 /* AppDelegate.m */ = {isa = PBXFileReference; lastKnownFileType = sourcecode.c.objc; path = AppDelegate.m; sourceTree = "<group>"; };
		49DE34C31C33AAE5006F0C20 /* ViewController.h */ = {isa = PBXFileReference; lastKnownFileType = sourcecode.c.h; path = ViewController.h; sourceTree = "<group>"; };
		49DE34C41C33AAE5006F0C20 /* ViewController.m */ = {isa = PBXFileReference; lastKnownFileType = sourcecode.c.objc; path = ViewController.m; sourceTree = "<group>"; };
		49DE34C71C33AAE5006F0C20 /* Base */ = {isa = PBXFileReference; lastKnownFileType = file.storyboard; name = Base; path = Base.lproj/Main.storyboard; sourceTree = "<group>"; };
		49DE34C91C33AAE5006F0C20 /* Assets.xcassets */ = {isa = PBXFileReference; lastKnownFileType = folder.assetcatalog; path = Assets.xcassets; sourceTree = "<group>"; };
		49DE34CC1C33AAE5006F0C20 /* Base */ = {isa = PBXFileReference; lastKnownFileType = file.storyboard; name = Base; path = Base.lproj/LaunchScreen.storyboard; sourceTree = "<group>"; };
		49DE34CE1C33AAE5006F0C20 /* Info.plist */ = {isa = PBXFileReference; lastKnownFileType = text.plist.xml; path = Info.plist; sourceTree = "<group>"; };
		49DE34D31C33AAE5006F0C20 /* XSCSqliteManagerTests.xctest */ = {isa = PBXFileReference; explicitFileType = wrapper.cfbundle; includeInIndex = 0; path = XSCSqliteManagerTests.xctest; sourceTree = BUILT_PRODUCTS_DIR; };
		49DE34D71C33AAE5006F0C20 /* XSCSqliteManagerTests.m */ = {isa = PBXFileReference; lastKnownFileType = sourcecode.c.objc; path = XSCSqliteManagerTests.m; sourceTree = "<group>"; };
		49DE34D91C33AAE5006F0C20 /* Info.plist */ = {isa = PBXFileReference; lastKnownFileType = text.plist.xml; path = Info.plist; sourceTree = "<group>"; };
		49DE34DE1C33AAE5006F0C20 /* XSCSqliteManagerUITests.xctest */ = {isa = PBXFileReference; explicitFileType = wrapper.cfbundle; includeInIndex = 0; path = XSCSqliteManagerUITests.xctest; sourceTree = BUILT_PRODUCTS_DIR; };
		49DE34E21C33AAE5006F0C20 /* XSCSqliteManagerUITests.m */ = {isa = PBXFileReference; lastKnownFileType = sourcecode.c.objc; path = XSCSqliteManagerUITests.m; sourceTree = "<group>"; };
		49DE34E41C33AAE5006F0C20 /* Info.plist */ = {isa = PBXFileReference; lastKnownFileType = text.plist.xml; path = Info.plist; sourceTree = "<group>"; };
		49DE34F01C33ABCF006F0C20 /* libsqlite3.tbd */ = {isa = PBXFileReference; lastKnownFileType = "sourcecode.text-based-dylib-definition"; name = libsqlite3.tbd; path = usr/lib/libsqlite3.tbd; sourceTree = SDKROOT; };
		49DE35031C33B111006F0C20 /* XSCSqliteLearn.h */ = {isa = PBXFileReference; fileEncoding = 4; lastKnownFileType = sourcecode.c.h; name = XSCSqliteLearn.h; path = Class/MyClass/XSCSqliteLearn.h; sourceTree = "<group>"; };
		49DE35041C33B111006F0C20 /* XSCSqliteLearn.m */ = {isa = PBXFileReference; fileEncoding = 4; lastKnownFileType = sourcecode.c.objc; name = XSCSqliteLearn.m; path = Class/MyClass/XSCSqliteLearn.m; sourceTree = "<group>"; };
		49DE35071C33DE18006F0C20 /* FMDatabase.h */ = {isa = PBXFileReference; fileEncoding = 4; lastKnownFileType = sourcecode.c.h; path = FMDatabase.h; sourceTree = "<group>"; };
		49DE35081C33DE18006F0C20 /* FMDatabase.m */ = {isa = PBXFileReference; fileEncoding = 4; lastKnownFileType = sourcecode.c.objc; path = FMDatabase.m; sourceTree = "<group>"; };
		49DE35091C33DE18006F0C20 /* FMDatabaseAdditions.h */ = {isa = PBXFileReference; fileEncoding = 4; lastKnownFileType = sourcecode.c.h; path = FMDatabaseAdditions.h; sourceTree = "<group>"; };
		49DE350A1C33DE18006F0C20 /* FMDatabaseAdditions.m */ = {isa = PBXFileReference; fileEncoding = 4; lastKnownFileType = sourcecode.c.objc; path = FMDatabaseAdditions.m; sourceTree = "<group>"; };
		49DE350B1C33DE18006F0C20 /* FMDatabasePool.h */ = {isa = PBXFileReference; fileEncoding = 4; lastKnownFileType = sourcecode.c.h; path = FMDatabasePool.h; sourceTree = "<group>"; };
		49DE350C1C33DE18006F0C20 /* FMDatabasePool.m */ = {isa = PBXFileReference; fileEncoding = 4; lastKnownFileType = sourcecode.c.objc; path = FMDatabasePool.m; sourceTree = "<group>"; };
		49DE350D1C33DE18006F0C20 /* FMDatabaseQueue.h */ = {isa = PBXFileReference; fileEncoding = 4; lastKnownFileType = sourcecode.c.h; path = FMDatabaseQueue.h; sourceTree = "<group>"; };
		49DE350E1C33DE18006F0C20 /* FMDatabaseQueue.m */ = {isa = PBXFileReference; fileEncoding = 4; lastKnownFileType = sourcecode.c.objc; path = FMDatabaseQueue.m; sourceTree = "<group>"; };
		49DE350F1C33DE18006F0C20 /* FMDB.h */ = {isa = PBXFileReference; fileEncoding = 4; lastKnownFileType = sourcecode.c.h; path = FMDB.h; sourceTree = "<group>"; };
		49DE35101C33DE18006F0C20 /* FMResultSet.h */ = {isa = PBXFileReference; fileEncoding = 4; lastKnownFileType = sourcecode.c.h; path = FMResultSet.h; sourceTree = "<group>"; };
		49DE35111C33DE18006F0C20 /* FMResultSet.m */ = {isa = PBXFileReference; fileEncoding = 4; lastKnownFileType = sourcecode.c.objc; path = FMResultSet.m; sourceTree = "<group>"; };
		49DE35171C33EB48006F0C20 /* libsqlite3.0.tbd */ = {isa = PBXFileReference; lastKnownFileType = "sourcecode.text-based-dylib-definition"; name = libsqlite3.0.tbd; path = usr/lib/libsqlite3.0.tbd; sourceTree = SDKROOT; };
/* End PBXFileReference section */

/* Begin PBXFrameworksBuildPhase section */
		49DE34B71C33AAE5006F0C20 /* Frameworks */ = {
			isa = PBXFrameworksBuildPhase;
			buildActionMask = 2147483647;
			files = (
				49DE35181C33EB48006F0C20 /* libsqlite3.0.tbd in Frameworks */,
				49DE34F11C33ABCF006F0C20 /* libsqlite3.tbd in Frameworks */,
			);
			runOnlyForDeploymentPostprocessing = 0;
		};
		49DE34D01C33AAE5006F0C20 /* Frameworks */ = {
			isa = PBXFrameworksBuildPhase;
			buildActionMask = 2147483647;
			files = (
			);
			runOnlyForDeploymentPostprocessing = 0;
		};
		49DE34DB1C33AAE5006F0C20 /* Frameworks */ = {
			isa = PBXFrameworksBuildPhase;
			buildActionMask = 2147483647;
			files = (
			);
			runOnlyForDeploymentPostprocessing = 0;
		};
/* End PBXFrameworksBuildPhase section */

/* Begin PBXGroup section */
		49DE34B11C33AAE5006F0C20 = {
			isa = PBXGroup;
			children = (
				49ABA70D1C98FE6200007A83 /* CustomICollectionViewLayout.h */,
				49ABA70E1C98FE6200007A83 /* CustomICollectionViewLayout.m */,
				49ABA7041C98FC7100007A83 /* StudentScoreCollectionViewCell.h */,
				49ABA7051C98FC7100007A83 /* StudentScoreCollectionViewCell.m */,
				49ABA70B1C98FCE400007A83 /* StudentScoreCollectionViewCell.xib */,
				49ABA7011C98FC5100007A83 /* StudentNameCollectionViewCell.h */,
				49ABA7021C98FC5100007A83 /* StudentNameCollectionViewCell.m */,
				49ABA7091C98FCCA00007A83 /* StudentNameCollectionViewCell.xib */,
				49DE35061C33DE18006F0C20 /* FMDB */,
				49DE35031C33B111006F0C20 /* XSCSqliteLearn.h */,
				49DE35041C33B111006F0C20 /* XSCSqliteLearn.m */,
				49DE34F01C33ABCF006F0C20 /* libsqlite3.tbd */,
				49DE35171C33EB48006F0C20 /* libsqlite3.0.tbd */,
				49DE34BC1C33AAE5006F0C20 /* XSCSqliteManager */,
				49DE34D61C33AAE5006F0C20 /* XSCSqliteManagerTests */,
				49DE34E11C33AAE5006F0C20 /* XSCSqliteManagerUITests */,
				49DE34BB1C33AAE5006F0C20 /* Products */,
			);
			sourceTree = "<group>";
		};
		49DE34BB1C33AAE5006F0C20 /* Products */ = {
			isa = PBXGroup;
			children = (
				49DE34BA1C33AAE5006F0C20 /* XSCSqliteManager.app */,
				49DE34D31C33AAE5006F0C20 /* XSCSqliteManagerTests.xctest */,
				49DE34DE1C33AAE5006F0C20 /* XSCSqliteManagerUITests.xctest */,
			);
			name = Products;
			sourceTree = "<group>";
		};
		49DE34BC1C33AAE5006F0C20 /* XSCSqliteManager */ = {
			isa = PBXGroup;
			children = (
				49DE34C01C33AAE5006F0C20 /* AppDelegate.h */,
				49DE34C11C33AAE5006F0C20 /* AppDelegate.m */,
				49DE34C31C33AAE5006F0C20 /* ViewController.h */,
				49DE34C41C33AAE5006F0C20 /* ViewController.m */,
				49DE34C61C33AAE5006F0C20 /* Main.storyboard */,
				49DE34C91C33AAE5006F0C20 /* Assets.xcassets */,
				49DE34CB1C33AAE5006F0C20 /* LaunchScreen.storyboard */,
				49DE34CE1C33AAE5006F0C20 /* Info.plist */,
				49DE34BD1C33AAE5006F0C20 /* Supporting Files */,
			);
			path = XSCSqliteManager;
			sourceTree = "<group>";
		};
		49DE34BD1C33AAE5006F0C20 /* Supporting Files */ = {
			isa = PBXGroup;
			children = (
				49DE34BE1C33AAE5006F0C20 /* main.m */,
			);
			name = "Supporting Files";
			sourceTree = "<group>";
		};
		49DE34D61C33AAE5006F0C20 /* XSCSqliteManagerTests */ = {
			isa = PBXGroup;
			children = (
				49DE34D71C33AAE5006F0C20 /* XSCSqliteManagerTests.m */,
				49DE34D91C33AAE5006F0C20 /* Info.plist */,
			);
			path = XSCSqliteManagerTests;
			sourceTree = "<group>";
		};
		49DE34E11C33AAE5006F0C20 /* XSCSqliteManagerUITests */ = {
			isa = PBXGroup;
			children = (
				49DE34E21C33AAE5006F0C20 /* XSCSqliteManagerUITests.m */,
				49DE34E41C33AAE5006F0C20 /* Info.plist */,
			);
			path = XSCSqliteManagerUITests;
			sourceTree = "<group>";
		};
		49DE35061C33DE18006F0C20 /* FMDB */ = {
			isa = PBXGroup;
			children = (
				49DE35071C33DE18006F0C20 /* FMDatabase.h */,
				49DE35081C33DE18006F0C20 /* FMDatabase.m */,
				49DE35091C33DE18006F0C20 /* FMDatabaseAdditions.h */,
				49DE350A1C33DE18006F0C20 /* FMDatabaseAdditions.m */,
				49DE350B1C33DE18006F0C20 /* FMDatabasePool.h */,
				49DE350C1C33DE18006F0C20 /* FMDatabasePool.m */,
				49DE350D1C33DE18006F0C20 /* FMDatabaseQueue.h */,
				49DE350E1C33DE18006F0C20 /* FMDatabaseQueue.m */,
				49DE350F1C33DE18006F0C20 /* FMDB.h */,
				49DE35101C33DE18006F0C20 /* FMResultSet.h */,
				49DE35111C33DE18006F0C20 /* FMResultSet.m */,
			);
			name = FMDB;
			path = Class/FMDB;
			sourceTree = "<group>";
		};
/* End PBXGroup section */

/* Begin PBXNativeTarget section */
		49DE34B91C33AAE5006F0C20 /* XSCSqliteManager */ = {
			isa = PBXNativeTarget;
			buildConfigurationList = 49DE34E71C33AAE5006F0C20 /* Build configuration list for PBXNativeTarget "XSCSqliteManager" */;
			buildPhases = (
				49DE34B61C33AAE5006F0C20 /* Sources */,
				49DE34B71C33AAE5006F0C20 /* Frameworks */,
				49DE34B81C33AAE5006F0C20 /* Resources */,
			);
			buildRules = (
			);
			dependencies = (
			);
			name = XSCSqliteManager;
			productName = XSCSqliteManager;
			productReference = 49DE34BA1C33AAE5006F0C20 /* XSCSqliteManager.app */;
			productType = "com.apple.product-type.application";
		};
		49DE34D21C33AAE5006F0C20 /* XSCSqliteManagerTests */ = {
			isa = PBXNativeTarget;
			buildConfigurationList = 49DE34EA1C33AAE5006F0C20 /* Build configuration list for PBXNativeTarget "XSCSqliteManagerTests" */;
			buildPhases = (
				49DE34CF1C33AAE5006F0C20 /* Sources */,
				49DE34D01C33AAE5006F0C20 /* Frameworks */,
				49DE34D11C33AAE5006F0C20 /* Resources */,
			);
			buildRules = (
			);
			dependencies = (
				49DE34D51C33AAE5006F0C20 /* PBXTargetDependency */,
			);
			name = XSCSqliteManagerTests;
			productName = XSCSqliteManagerTests;
			productReference = 49DE34D31C33AAE5006F0C20 /* XSCSqliteManagerTests.xctest */;
			productType = "com.apple.product-type.bundle.unit-test";
		};
		49DE34DD1C33AAE5006F0C20 /* XSCSqliteManagerUITests */ = {
			isa = PBXNativeTarget;
			buildConfigurationList = 49DE34ED1C33AAE5006F0C20 /* Build configuration list for PBXNativeTarget "XSCSqliteManagerUITests" */;
			buildPhases = (
				49DE34DA1C33AAE5006F0C20 /* Sources */,
				49DE34DB1C33AAE5006F0C20 /* Frameworks */,
				49DE34DC1C33AAE5006F0C20 /* Resources */,
			);
			buildRules = (
			);
			dependencies = (
				49DE34E01C33AAE5006F0C20 /* PBXTargetDependency */,
			);
			name = XSCSqliteManagerUITests;
			productName = XSCSqliteManagerUITests;
			productReference = 49DE34DE1C33AAE5006F0C20 /* XSCSqliteManagerUITests.xctest */;
			productType = "com.apple.product-type.bundle.ui-testing";
		};
/* End PBXNativeTarget section */

/* Begin PBXProject section */
		49DE34B21C33AAE5006F0C20 /* Project object */ = {
			isa = PBXProject;
			attributes = {
				LastUpgradeCheck = 0720;
				ORGANIZATIONNAME = sancaixu;
				TargetAttributes = {
					49DE34B91C33AAE5006F0C20 = {
						CreatedOnToolsVersion = 7.2;
					};
					49DE34D21C33AAE5006F0C20 = {
						CreatedOnToolsVersion = 7.2;
						TestTargetID = 49DE34B91C33AAE5006F0C20;
					};
					49DE34DD1C33AAE5006F0C20 = {
						CreatedOnToolsVersion = 7.2;
						TestTargetID = 49DE34B91C33AAE5006F0C20;
					};
				};
			};
			buildConfigurationList = 49DE34B51C33AAE5006F0C20 /* Build configuration list for PBXProject "XSCSqliteManager" */;
			compatibilityVersion = "Xcode 3.2";
			developmentRegion = English;
			hasScannedForEncodings = 0;
			knownRegions = (
				en,
				Base,
			);
			mainGroup = 49DE34B11C33AAE5006F0C20;
			productRefGroup = 49DE34BB1C33AAE5006F0C20 /* Products */;
			projectDirPath = "";
			projectRoot = "";
			targets = (
				49DE34B91C33AAE5006F0C20 /* XSCSqliteManager */,
				49DE34D21C33AAE5006F0C20 /* XSCSqliteManagerTests */,
				49DE34DD1C33AAE5006F0C20 /* XSCSqliteManagerUITests */,
			);
		};
/* End PBXProject section */

/* Begin PBXResourcesBuildPhase section */
		49DE34B81C33AAE5006F0C20 /* Resources */ = {
			isa = PBXResourcesBuildPhase;
			buildActionMask = 2147483647;
			files = (
				49ABA70A1C98FCCA00007A83 /* StudentNameCollectionViewCell.xib in Resources */,
				49ABA70C1C98FCE400007A83 /* StudentScoreCollectionViewCell.xib in Resources */,
				49DE34CD1C33AAE5006F0C20 /* LaunchScreen.storyboard in Resources */,
				49DE34CA1C33AAE5006F0C20 /* Assets.xcassets in Resources */,
				49DE34C81C33AAE5006F0C20 /* Main.storyboard in Resources */,
			);
			runOnlyForDeploymentPostprocessing = 0;
		};
		49DE34D11C33AAE5006F0C20 /* Resources */ = {
			isa = PBXResourcesBuildPhase;
			buildActionMask = 2147483647;
			files = (
			);
			runOnlyForDeploymentPostprocessing = 0;
		};
		49DE34DC1C33AAE5006F0C20 /* Resources */ = {
			isa = PBXResourcesBuildPhase;
			buildActionMask = 2147483647;
			files = (
			);
			runOnlyForDeploymentPostprocessing = 0;
		};
/* End PBXResourcesBuildPhase section */

/* Begin PBXSourcesBuildPhase section */
		49DE34B61C33AAE5006F0C20 /* Sources */ = {
			isa = PBXSourcesBuildPhase;
			buildActionMask = 2147483647;
			files = (
				49DE34C51C33AAE5006F0C20 /* ViewController.m in Sources */,
				49DE35151C33DE18006F0C20 /* FMDatabaseQueue.m in Sources */,
				49DE34C21C33AAE5006F0C20 /* AppDelegate.m in Sources */,
				49DE34BF1C33AAE5006F0C20 /* main.m in Sources */,
				49DE35121C33DE18006F0C20 /* FMDatabase.m in Sources */,
				49ABA70F1C98FE6200007A83 /* CustomICollectionViewLayout.m in Sources */,
				49ABA7031C98FC5100007A83 /* StudentNameCollectionViewCell.m in Sources */,
				49ABA7061C98FC7100007A83 /* StudentScoreCollectionViewCell.m in Sources */,
				49DE35141C33DE18006F0C20 /* FMDatabasePool.m in Sources */,
				49DE35161C33DE18006F0C20 /* FMResultSet.m in Sources */,
				49DE35051C33B111006F0C20 /* XSCSqliteLearn.m in Sources */,
				49DE35131C33DE18006F0C20 /* FMDatabaseAdditions.m in Sources */,
			);
			runOnlyForDeploymentPostprocessing = 0;
		};
		49DE34CF1C33AAE5006F0C20 /* Sources */ = {
			isa = PBXSourcesBuildPhase;
			buildActionMask = 2147483647;
			files = (
				49DE34D81C33AAE5006F0C20 /* XSCSqliteManagerTests.m in Sources */,
			);
			runOnlyForDeploymentPostprocessing = 0;
		};
		49DE34DA1C33AAE5006F0C20 /* Sources */ = {
			isa = PBXSourcesBuildPhase;
			buildActionMask = 2147483647;
			files = (
				49DE34E31C33AAE5006F0C20 /* XSCSqliteManagerUITests.m in Sources */,
			);
			runOnlyForDeploymentPostprocessing = 0;
		};
/* End PBXSourcesBuildPhase section */

/* Begin PBXTargetDependency section */
		49DE34D51C33AAE5006F0C20 /* PBXTargetDependency */ = {
			isa = PBXTargetDependency;
			target = 49DE34B91C33AAE5006F0C20 /* XSCSqliteManager */;
			targetProxy = 49DE34D41C33AAE5006F0C20 /* PBXContainerItemProxy */;
		};
		49DE34E01C33AAE5006F0C20 /* PBXTargetDependency */ = {
			isa = PBXTargetDependency;
			target = 49DE34B91C33AAE5006F0C20 /* XSCSqliteManager */;
			targetProxy = 49DE34DF1C33AAE5006F0C20 /* PBXContainerItemProxy */;
		};
/* End PBXTargetDependency section */

/* Begin PBXVariantGroup section */
		49DE34C61C33AAE5006F0C20 /* Main.storyboard */ = {
			isa = PBXVariantGroup;
			children = (
				49DE34C71C33AAE5006F0C20 /* Base */,
			);
			name = Main.storyboard;
			sourceTree = "<group>";
		};
		49DE34CB1C33AAE5006F0C20 /* LaunchScreen.storyboard */ = {
			isa = PBXVariantGroup;
			children = (
				49DE34CC1C33AAE5006F0C20 /* Base */,
			);
			name = LaunchScreen.storyboard;
			sourceTree = "<group>";
		};
/* End PBXVariantGroup section */

/* Begin XCBuildConfiguration section */
		49DE34E51C33AAE5006F0C20 /* Debug */ = {
			isa = XCBuildConfiguration;
			buildSettings = {
				ALWAYS_SEARCH_USER_PATHS = NO;
				CLANG_CXX_LANGUAGE_STANDARD = "gnu++0x";
				CLANG_CXX_LIBRARY = "libc++";
				CLANG_ENABLE_MODULES = YES;
				CLANG_ENABLE_OBJC_ARC = YES;
				CLANG_WARN_BOOL_CONVERSION = YES;
				CLANG_WARN_CONSTANT_CONVERSION = YES;
				CLANG_WARN_DIRECT_OBJC_ISA_USAGE = YES_ERROR;
				CLANG_WARN_EMPTY_BODY = YES;
				CLANG_WARN_ENUM_CONVERSION = YES;
				CLANG_WARN_INT_CONVERSION = YES;
				CLANG_WARN_OBJC_ROOT_CLASS = YES_ERROR;
				CLANG_WARN_UNREACHABLE_CODE = YES;
				CLANG_WARN__DUPLICATE_METHOD_MATCH = YES;
				"CODE_SIGN_IDENTITY[sdk=iphoneos*]" = "iPhone Developer";
				COPY_PHASE_STRIP = NO;
				DEBUG_INFORMATION_FORMAT = dwarf;
				ENABLE_STRICT_OBJC_MSGSEND = YES;
				ENABLE_TESTABILITY = YES;
				GCC_C_LANGUAGE_STANDARD = gnu99;
				GCC_DYNAMIC_NO_PIC = NO;
				GCC_NO_COMMON_BLOCKS = YES;
				GCC_OPTIMIZATION_LEVEL = 0;
				GCC_PREPROCESSOR_DEFINITIONS = (
					"DEBUG=1",
					"$(inherited)",
				);
				GCC_WARN_64_TO_32_BIT_CONVERSION = YES;
				GCC_WARN_ABOUT_RETURN_TYPE = YES_ERROR;
				GCC_WARN_UNDECLARED_SELECTOR = YES;
				GCC_WARN_UNINITIALIZED_AUTOS = YES_AGGRESSIVE;
				GCC_WARN_UNUSED_FUNCTION = YES;
				GCC_WARN_UNUSED_VARIABLE = YES;
				IPHONEOS_DEPLOYMENT_TARGET = 9.2;
				MTL_ENABLE_DEBUG_INFO = YES;
				ONLY_ACTIVE_ARCH = YES;
				SDKROOT = iphoneos;
				TARGETED_DEVICE_FAMILY = "1,2";
			};
			name = Debug;
		};
		49DE34E61C33AAE5006F0C20 /* Release */ = {
			isa = XCBuildConfiguration;
			buildSettings = {
				ALWAYS_SEARCH_USER_PATHS = NO;
				CLANG_CXX_LANGUAGE_STANDARD = "gnu++0x";
				CLANG_CXX_LIBRARY = "libc++";
				CLANG_ENABLE_MODULES = YES;
				CLANG_ENABLE_OBJC_ARC = YES;
				CLANG_WARN_BOOL_CONVERSION = YES;
				CLANG_WARN_CONSTANT_CONVERSION = YES;
				CLANG_WARN_DIRECT_OBJC_ISA_USAGE = YES_ERROR;
				CLANG_WARN_EMPTY_BODY = YES;
				CLANG_WARN_ENUM_CONVERSION = YES;
				CLANG_WARN_INT_CONVERSION = YES;
				CLANG_WARN_OBJC_ROOT_CLASS = YES_ERROR;
				CLANG_WARN_UNREACHABLE_CODE = YES;
				CLANG_WARN__DUPLICATE_METHOD_MATCH = YES;
				"CODE_SIGN_IDENTITY[sdk=iphoneos*]" = "iPhone Developer";
				COPY_PHASE_STRIP = NO;
				DEBUG_INFORMATION_FORMAT = "dwarf-with-dsym";
				ENABLE_NS_ASSERTIONS = NO;
				ENABLE_STRICT_OBJC_MSGSEND = YES;
				GCC_C_LANGUAGE_STANDARD = gnu99;
				GCC_NO_COMMON_BLOCKS = YES;
				GCC_WARN_64_TO_32_BIT_CONVERSION = YES;
				GCC_WARN_ABOUT_RETURN_TYPE = YES_ERROR;
				GCC_WARN_UNDECLARED_SELECTOR = YES;
				GCC_WARN_UNINITIALIZED_AUTOS = YES_AGGRESSIVE;
				GCC_WARN_UNUSED_FUNCTION = YES;
				GCC_WARN_UNUSED_VARIABLE = YES;
				IPHONEOS_DEPLOYMENT_TARGET = 9.2;
				MTL_ENABLE_DEBUG_INFO = NO;
				SDKROOT = iphoneos;
				TARGETED_DEVICE_FAMILY = "1,2";
				VALIDATE_PRODUCT = YES;
			};
			name = Release;
		};
		49DE34E81C33AAE5006F0C20 /* Debug */ = {
			isa = XCBuildConfiguration;
			buildSettings = {
				ASSETCATALOG_COMPILER_APPICON_NAME = AppIcon;
				CODE_SIGN_IDENTITY = "iPhone Developer";
				"CODE_SIGN_IDENTITY[sdk=iphoneos*]" = "iPhone Developer";
				INFOPLIST_FILE = XSCSqliteManager/Info.plist;
				IPHONEOS_DEPLOYMENT_TARGET = 7.0;
				LD_RUNPATH_SEARCH_PATHS = "$(inherited) @executable_path/Frameworks";
				PRODUCT_BUNDLE_IDENTIFIER = com.ijiebao.XSCSqliteManager;
				PRODUCT_NAME = "$(TARGET_NAME)";
				PROVISIONING_PROFILE = "";
			};
			name = Debug;
		};
		49DE34E91C33AAE5006F0C20 /* Release */ = {
			isa = XCBuildConfiguration;
			buildSettings = {
				ASSETCATALOG_COMPILER_APPICON_NAME = AppIcon;
				CODE_SIGN_IDENTITY = "iPhone Developer";
				"CODE_SIGN_IDENTITY[sdk=iphoneos*]" = "iPhone Developer";
				INFOPLIST_FILE = XSCSqliteManager/Info.plist;
				IPHONEOS_DEPLOYMENT_TARGET = 7.0;
				LD_RUNPATH_SEARCH_PATHS = "$(inherited) @executable_path/Frameworks";
				PRODUCT_BUNDLE_IDENTIFIER = com.ijiebao.XSCSqliteManager;
				PRODUCT_NAME = "$(TARGET_NAME)";
				PROVISIONING_PROFILE = "";
			};
			name = Release;
		};
		49DE34EB1C33AAE5006F0C20 /* Debug */ = {
			isa = XCBuildConfiguration;
			buildSettings = {
				BUNDLE_LOADER = "$(TEST_HOST)";
				INFOPLIST_FILE = XSCSqliteManagerTests/Info.plist;
				LD_RUNPATH_SEARCH_PATHS = "$(inherited) @executable_path/Frameworks @loader_path/Frameworks";
				PRODUCT_BUNDLE_IDENTIFIER = com.ijiebao.XSCSqliteManagerTests;
				PRODUCT_NAME = "$(TARGET_NAME)";
				TEST_HOST = "$(BUILT_PRODUCTS_DIR)/XSCSqliteManager.app/XSCSqliteManager";
			};
			name = Debug;
		};
		49DE34EC1C33AAE5006F0C20 /* Release */ = {
			isa = XCBuildConfiguration;
			buildSettings = {
				BUNDLE_LOADER = "$(TEST_HOST)";
				INFOPLIST_FILE = XSCSqliteManagerTests/Info.plist;
				LD_RUNPATH_SEARCH_PATHS = "$(inherited) @executable_path/Frameworks @loader_path/Frameworks";
				PRODUCT_BUNDLE_IDENTIFIER = com.ijiebao.XSCSqliteManagerTests;
				PRODUCT_NAME = "$(TARGET_NAME)";
				TEST_HOST = "$(BUILT_PRODUCTS_DIR)/XSCSqliteManager.app/XSCSqliteManager";
			};
			name = Release;
		};
		49DE34EE1C33AAE5006F0C20 /* Debug */ = {
			isa = XCBuildConfiguration;
			buildSettings = {
				INFOPLIST_FILE = XSCSqliteManagerUITests/Info.plist;
				LD_RUNPATH_SEARCH_PATHS = "$(inherited) @executable_path/Frameworks @loader_path/Frameworks";
				PRODUCT_BUNDLE_IDENTIFIER = com.ijiebao.XSCSqliteManagerUITests;
				PRODUCT_NAME = "$(TARGET_NAME)";
				TEST_TARGET_NAME = XSCSqliteManager;
				USES_XCTRUNNER = YES;
			};
			name = Debug;
		};
		49DE34EF1C33AAE5006F0C20 /* Release */ = {
			isa = XCBuildConfiguration;
			buildSettings = {
				INFOPLIST_FILE = XSCSqliteManagerUITests/Info.plist;
				LD_RUNPATH_SEARCH_PATHS = "$(inherited) @executable_path/Frameworks @loader_path/Frameworks";
				PRODUCT_BUNDLE_IDENTIFIER = com.ijiebao.XSCSqliteManagerUITests;
				PRODUCT_NAME = "$(TARGET_NAME)";
				TEST_TARGET_NAME = XSCSqliteManager;
				USES_XCTRUNNER = YES;
			};
			name = Release;
		};
/* End XCBuildConfiguration section */

/* Begin XCConfigurationList section */
		49DE34B51C33AAE5006F0C20 /* Build configuration list for PBXProject "XSCSqliteManager" */ = {
			isa = XCConfigurationList;
			buildConfigurations = (
				49DE34E51C33AAE5006F0C20 /* Debug */,
				49DE34E61C33AAE5006F0C20 /* Release */,
			);
			defaultConfigurationIsVisible = 0;
			defaultConfigurationName = Release;
		};
		49DE34E71C33AAE5006F0C20 /* Build configuration list for PBXNativeTarget "XSCSqliteManager" */ = {
			isa = XCConfigurationList;
			buildConfigurations = (
				49DE34E81C33AAE5006F0C20 /* Debug */,
				49DE34E91C33AAE5006F0C20 /* Release */,
			);
			defaultConfigurationIsVisible = 0;
			defaultConfigurationName = Release;
		};
		49DE34EA1C33AAE5006F0C20 /* Build configuration list for PBXNativeTarget "XSCSqliteManagerTests" */ = {
			isa = XCConfigurationList;
			buildConfigurations = (
				49DE34EB1C33AAE5006F0C20 /* Debug */,
				49DE34EC1C33AAE5006F0C20 /* Release */,
			);
			defaultConfigurationIsVisible = 0;
			defaultConfigurationName = Release;
		};
		49DE34ED1C33AAE5006F0C20 /* Build configuration list for PBXNativeTarget "XSCSqliteManagerUITests" */ = {
			isa = XCConfigurationList;
			buildConfigurations = (
				49DE34EE1C33AAE5006F0C20 /* Debug */,
				49DE34EF1C33AAE5006F0C20 /* Release */,
			);
			defaultConfigurationIsVisible = 0;
			defaultConfigurationName = Release;
		};
/* End XCConfigurationList section */
	};
	rootObject = 49DE34B21C33AAE5006F0C20 /* Project object */;
}
